
Microsoft Visual Studio Solution File, Format Version 12.00
# Visual Studio Version 16
VisualStudioVersion = 16.0.30804.86
MinimumVisualStudioVersion = 10.0.40219.1
Project("{9A19103F-16F7-4668-BE54-9A1E7A4F7556}") = "OkMusic", "OkMusic\OkMusic.csproj", "{FBC0E28B-0B99-42F2-AF16-F09B5A3C468C}"
EndProject
Global
	GlobalSection(SolutionConfigurationPlatforms) = preSolution
		Debug|Any CPU = Debug|Any CPU
		Release|Any CPU = Release|Any CPU
	EndGlobalSection
	GlobalSection(ProjectConfigurationPlatforms) = postSolution
		{FBC0E28B-0B99-42F2-AF16-F09B5A3C468C}.Debug|Any CPU.ActiveCfg = Debug|Any CPU
		{FBC0E28B-0B99-42F2-AF16-F09B5A3C468C}.Debug|Any CPU.Build.0 = Debug|Any CPU
		{FBC0E28B-0B99-42F2-AF16-F09B5A3C468C}.Release|Any CPU.ActiveCfg = Release|Any CPU
		{FBC0E28B-0B99-42F2-AF16-F09B5A3C468C}.Release|Any CPU.Build.0 = Release|Any CPU
	EndGlobalSection
	GlobalSection(SolutionProperties) = preSolution
		HideSolutionNode = FALSE
	EndGlobalSection
	GlobalSection(ExtensibilityGlobals) = postSolution
		SolutionGuid = {3FD15E5E-D8AA-47B0-9BB0-EC3D8E149BBF}
	EndGlobalSection
EndGlobal
